version = 1
revision = 3
requires-python = ">=3.14"

[[package]]
name = "agent-skills"
version = "0.1.0"
source = { virtual = "." }

[package.dev-dependencies]
dev = [
    { name = "prek" },
    { name = "skills-ref" },
]

[package.metadata]

[package.metadata.requires-dev]
dev = [
    { name = "prek", specifier = ">=0.3.4,<0.4" },
    { name = "skills-ref", specifier = ">=0.1.1" },
]

[[package]]
name = "click"
version = "8.3.1"
source = { registry = "https://pypi.org/simple" }
dependencies = [
    { name = "colorama", marker = "sys_platform == 'win32'" },
]
sdist = { url = "https://files.pythonhosted.org/packages/3d/fa/656b739db8587d7b5dfa22e22ed02566950fbfbcdc20311993483657a5c0/click-8.3.1.tar.gz", hash = "sha256:12ff4785d337a1bb490bb7e9c2b1ee5da3112e94a8622f26a6c77f5d2fc6842a", size = 295065, upload-time = "2025-11-15T20:45:42.706Z" }
wheels = [
    { url = "https://files.pythonhosted.org/packages/98/78/01c019cdb5d6498122777c1a43056ebb3ebfeef2076d9d026bfe15583b2b/click-8.3.1-py3-none-any.whl", hash = "sha256:981153a64e25f12d547d3426c367a4857371575ee7ad18df2a6183ab0545b2a6", size = 108274, upload-time = "2025-11-15T20:45:41.139Z" },
]

[[package]]
name = "colorama"
version = "0.4.6"
source = { registry = "https://pypi.org/simple" }
sdist = { url = "https://files.pythonhosted.org/packages/d8/53/6f443c9a4a8358a93a6792e2acffb9d9d5cb0a5cfd8802644b7b1c9a02e4/colorama-0.4.6.tar.gz", hash = "sha256:08695f5cb7ed6e0531a20572697297273c47b8cae5a63ffc6d6ed5c201be6e44", size = 27697, upload-time = "2022-10-25T02:36:22.414Z" }
wheels = [
    { url = "https://files.pythonhosted.org/packages/d1/d6/3965ed04c63042e047cb6a3e6ed1a63a35087b6a609aa3a15ed8ac56c221/colorama-0.4.6-py2.py3-none-any.whl", hash = "sha256:4f1d9991f5acc0ca119f9d443620b77f9d6b33703e51011c16baf57afb285fc6", size = 25335, upload-time = "2022-10-25T02:36:20.889Z" },
]

[[package]]
name = "prek"
version = "0.3.4"
source = { registry = "https://pypi.org/simple" }
sdist = { url = "https://files.pythonhosted.org/packages/c6/51/2324eaad93a4b144853ca1c56da76f357d3a70c7b4fd6659e972d7bb8660/prek-0.3.4.tar.gz", hash = "sha256:56a74d02d8b7dfe3c774ecfcd8c1b4e5f1e1b84369043a8003e8e3a779fce72d", size = 356633, upload-time = "2026-02-28T03:47:13.452Z" }
wheels = [
    { url = "https://files.pythonhosted.org/packages/09/20/1a964cb72582307c2f1dc7f583caab90f42810ad41551e5220592406a4c3/prek-0.3.4-py3-none-linux_armv6l.whl", hash = "sha256:c35192d6e23fe7406bd2f333d1c7dab1a4b34ab9289789f453170f33550aa74d", size = 4641915, upload-time = "2026-02-28T03:47:03.772Z" },
    { url = "https://files.pythonhosted.org/packages/c5/cb/4a21f37102bac37e415b61818344aa85de8d29a581253afa7db8c08d5a33/prek-0.3.4-py3-none-macosx_10_12_x86_64.whl", hash = "sha256:6f784d78de72a8bbe58a5fe7bde787c364ae88f0aff5222c5c5c7287876c510a", size = 4649166, upload-time = "2026-02-28T03:47:06.164Z" },
    { url = "https://files.pythonhosted.org/packages/85/9c/a7c0d117a098d57931428bdb60fcb796e0ebc0478c59288017a2e22eca96/prek-0.3.4-py3-none-macosx_11_0_arm64.whl", hash = "sha256:50a43f522625e8c968e8c9992accf9e29017abad6c782d6d176b73145ad680b7", size = 4274422, upload-time = "2026-02-28T03:46:59.356Z" },
    { url = "https://files.pythonhosted.org/packages/59/84/81d06df1724d09266df97599a02543d82fde7dfaefd192f09d9b2ccb092f/prek-0.3.4-py3-none-manylinux_2_17_aarch64.manylinux2014_aarch64.musllinux_1_1_aarch64.whl", hash = "sha256:4bbb1d3912a88935f35c6ba4466b4242732e3e3a8c608623c708e83cea85de00", size = 4629873, upload-time = "2026-02-28T03:46:56.419Z" },
    { url = "https://files.pythonhosted.org/packages/09/cd/bb0aefa25cfacd8dbced75b9a9d9945707707867fa5635fb69ae1bbc2d88/prek-0.3.4-py3-none-manylinux_2_17_armv7l.manylinux2014_armv7l.whl", hash = "sha256:ca4d4134db8f6e8de3c418317becdf428957e3cab271807f475318105fd46d04", size = 4552507, upload-time = "2026-02-28T03:47:05.004Z" },
    { url = "https://files.pythonhosted.org/packages/9b/c0/578a7af4861afb64ec81c03bfdcc1bb3341bb61f2fff8a094ecf13987a56/prek-0.3.4-py3-none-manylinux_2_17_i686.manylinux2014_i686.whl", hash = "sha256:7fb6395f6eb76133bb1e11fc718db8144522466cdc2e541d05e7813d1bbcae7d", size = 4865929, upload-time = "2026-02-28T03:47:09.231Z" },
    { url = "https://files.pythonhosted.org/packages/fc/48/f169406590028f7698ef2e1ff5bffd92ca05e017636c1163a2f5ef0f8275/prek-0.3.4-py3-none-manylinux_2_17_s390x.manylinux2014_s390x.whl", hash = "sha256:aae17813239ddcb4ae7b38418de4d49afff740f48f8e0556029c96f58e350412", size = 5390286, upload-time = "2026-02-28T03:47:10.796Z" },
    { url = "https://files.pythonhosted.org/packages/05/c5/98a73fec052059c3ae06ce105bef67caca42334c56d84e9ef75df72ba152/prek-0.3.4-py3-none-manylinux_2_17_x86_64.manylinux2014_x86_64.whl", hash = "sha256:10a621a690d9c127afc3d21c275030d364d1fbef3296c095068d3ae80a59546e", size = 4891028, upload-time = "2026-02-28T03:47:07.916Z" },
    { url = "https://files.pythonhosted.org/packages/a3/b4/029966e35e59b59c142be7e1d2208ad261709ac1a66aa4a3ce33c5b9f91f/prek-0.3.4-py3-none-manylinux_2_28_aarch64.whl", hash = "sha256:d978c31bc3b1f0b3d58895b7c6ac26f077e0ea846da54f46aeee4c7088b1b105", size = 4633986, upload-time = "2026-02-28T03:47:14.351Z" },
    { url = "https://files.pythonhosted.org/packages/1d/27/d122802555745b6940c99fcb41496001c192ddcdf56ec947ec10a0298e05/prek-0.3.4-py3-none-manylinux_2_31_riscv64.whl", hash = "sha256:a8e089a030f0a023c22a4bb2ec4ff3fcc153585d701cff67acbfca2f37e173ae", size = 4680722, upload-time = "2026-02-28T03:47:12.224Z" },
    { url = "https://files.pythonhosted.org/packages/34/40/92318c96b3a67b4e62ed82741016ede34d97ea9579d3cc1332b167632222/prek-0.3.4-py3-none-musllinux_1_1_armv7l.whl", hash = "sha256:8060c72b764f0b88112616763da9dd3a7c293e010f8520b74079893096160a2f", size = 4535623, upload-time = "2026-02-28T03:46:52.221Z" },
    { url = "https://files.pythonhosted.org/packages/df/f5/6b383d94e722637da4926b4f609d36fe432827bb6f035ad46ee02bde66b6/prek-0.3.4-py3-none-musllinux_1_1_i686.whl", hash = "sha256:65b23268456b5a763278d4e1ec532f2df33918f13ded85869a1ddff761eb9697", size = 4729879, upload-time = "2026-02-28T03:46:57.886Z" },
    { url = "https://files.pythonhosted.org/packages/79/f8/fdc705b807d813fd713ffa4f67f96741542ed1dafbb221206078c06f3df4/prek-0.3.4-py3-none-musllinux_1_1_x86_64.whl", hash = "sha256:3975c61139c7b3200e38dc3955e050b0f2615701d3deb9715696a902e850509e", size = 5001569, upload-time = "2026-02-28T03:47:00.892Z" },
    { url = "https://files.pythonhosted.org/packages/84/92/b007a41f58e8192a1e611a21b396ad870d51d7873b7af12068ebae7fc15f/prek-0.3.4-py3-none-win32.whl", hash = "sha256:37449ae82f4dc08b72e542401e3d7318f05d1163e87c31ab260a40f425d6516e", size = 4297057, upload-time = "2026-02-28T03:47:02.219Z" },
    { url = "https://files.pythonhosted.org/packages/bb/dc/bcb02de9b11461e8e0c7d3c8fdf8cfa15ac6efe73472a4375549ba5defd2/prek-0.3.4-py3-none-win_amd64.whl", hash = "sha256:60e9aa86ca65de963510ae28c5d94b9d7a97bcbaa6e4cdb5bf5083ed4c45dc71", size = 4655174, upload-time = "2026-02-28T03:46:53.749Z" },
    { url = "https://files.pythonhosted.org/packages/0b/86/98f5598569f4cd3de7161e266fab6a8981e65555f79d4704810c1502ad0a/prek-0.3.4-py3-none-win_arm64.whl", hash = "sha256:486bdae8f4512d3b4f6eb61b83e5b7595da2adca385af4b2b7823c0ab38d1827", size = 4367817, upload-time = "2026-02-28T03:46:55.264Z" },
]

[[package]]
name = "python-dateutil"
version = "2.9.0.post0"
source = { registry = "https://pypi.org/simple" }
dependencies = [
    { name = "six" },
]
sdist = { url = "https://files.pythonhosted.org/packages/66/c0/0c8b6ad9f17a802ee498c46e004a0eb49bc148f2fd230864601a86dcf6db/python-dateutil-2.9.0.post0.tar.gz", hash = "sha256:37dd54208da7e1cd875388217d5e00ebd4179249f90fb72437e91a35459a0ad3", size = 342432, upload-time = "2024-03-01T18:36:20.211Z" }
wheels = [
    { url = "https://files.pythonhosted.org/packages/ec/57/56b9bcc3c9c6a792fcbaf139543cee77261f3651ca9da0c93f5c1221264b/python_dateutil-2.9.0.post0-py2.py3-none-any.whl", hash = "sha256:a8b2bc7bffae282281c8140a97d3aa9c14da0b136dfe83f850eea9a5f7470427", size = 229892, upload-time = "2024-03-01T18:36:18.57Z" },
]

[[package]]
name = "six"
version = "1.17.0"
source = { registry = "https://pypi.org/simple" }
sdist = { url = "https://files.pythonhosted.org/packages/94/e7/b2c673351809dca68a0e064b6af791aa332cf192da575fd474ed7d6f16a2/six-1.17.0.tar.gz", hash = "sha256:ff70335d468e7eb6ec65b95b99d3a2836546063f63acc5171de367e834932a81", size = 34031, upload-time = "2024-12-04T17:35:28.174Z" }
wheels = [
    { url = "https://files.pythonhosted.org/packages/b7/ce/149a00dd41f10bc29e5921b496af8b574d8413afcd5e30dfa0ed46c2cc5e/six-1.17.0-py2.py3-none-any.whl", hash = "sha256:4721f391ed90541fddacab5acf947aa0d3dc7d27b2e1e8eda2be8970586c3274", size = 11050, upload-time = "2024-12-04T17:35:26.475Z" },
]

[[package]]
name = "skills-ref"
version = "0.1.1"
source = { registry = "https://pypi.org/simple" }
dependencies = [
    { name = "click" },
    { name = "strictyaml" },
]
sdist = { url = "https://files.pythonhosted.org/packages/23/42/943d3ba8b097af7068b7178563a5062ad8a977982f4a7b4f67facfc575e9/skills_ref-0.1.1.tar.gz", hash = "sha256:6b400ca6e0049be62dca0167ff943ba2745fd67efb37fbba4d0ee341fccd2695", size = 93519, upload-time = "2026-01-10T13:23:41.423Z" }
wheels = [
    { url = "https://files.pythonhosted.org/packages/af/25/36a43c3a61fb6cc3984e6ad5e556929b8ae71c95eba615dae4cf2f427964/skills_ref-0.1.1-py3-none-any.whl", hash = "sha256:d35db5bb8de71ae301daf5ca9cb71f8a555e8c6f83a6d40e46a5bc09f8f461b5", size = 12918, upload-time = "2026-01-10T13:23:40.106Z" },
]

[[package]]
name = "strictyaml"
version = "1.7.3"
source = { registry = "https://pypi.org/simple" }
dependencies = [
    { name = "python-dateutil" },
]
sdist = { url = "https://files.pythonhosted.org/packages/b3/08/efd28d49162ce89c2ad61a88bd80e11fb77bc9f6c145402589112d38f8af/strictyaml-1.7.3.tar.gz", hash = "sha256:22f854a5fcab42b5ddba8030a0e4be51ca89af0267961c8d6cfa86395586c407", size = 115206, upload-time = "2023-03-10T12:50:27.062Z" }
wheels = [
    { url = "https://files.pythonhosted.org/packages/96/7c/a81ef5ef10978dd073a854e0fa93b5d8021d0594b639cc8f6453c3c78a1d/strictyaml-1.7.3-py3-none-any.whl", hash = "sha256:fb5c8a4edb43bebb765959e420f9b3978d7f1af88c80606c03fb420888f5d1c7", size = 123917, upload-time = "2023-03-10T12:50:17.242Z" },
]
